
Microsoft Visual Studio Solution File, Format Version 12.00
Project("{FAE04EC0-301F-11D3-BF4B-00C04F79EFBC}") = "Quorum.Api.Web", "Quorum.Api.Web\Quorum.Api.Web.csproj", "{86341A57-1D97-43B0-A802-4A41F6636999}"
EndProject
Project("{FAE04EC0-301F-11D3-BF4B-00C04F79EFBC}") = "Quorum.Api.Core", "Quorum.Api.Core\Quorum.Api.Core.csproj", "{38410A66-31E9-4B69-A3FC-2CDF5B343A90}"
EndProject
Global
	GlobalSection(SolutionConfigurationPlatforms) = preSolution
		Debug|Any CPU = Debug|Any CPU
		Release|Any CPU = Release|Any CPU
	EndGlobalSection
	GlobalSection(ProjectConfigurationPlatforms) = postSolution
		{86341A57-1D97-43B0-A802-4A41F6636999}.Debug|Any CPU.ActiveCfg = Debug|Any CPU
		{86341A57-1D97-43B0-A802-4A41F6636999}.Debug|Any CPU.Build.0 = Debug|Any CPU
		{86341A57-1D97-43B0-A802-4A41F6636999}.Release|Any CPU.ActiveCfg = Release|Any CPU
		{86341A57-1D97-43B0-A802-4A41F6636999}.Release|Any CPU.Build.0 = Release|Any CPU
		{38410A66-31E9-4B69-A3FC-2CDF5B343A90}.Debug|Any CPU.ActiveCfg = Debug|Any CPU
		{38410A66-31E9-4B69-A3FC-2CDF5B343A90}.Debug|Any CPU.Build.0 = Debug|Any CPU
		{38410A66-31E9-4B69-A3FC-2CDF5B343A90}.Release|Any CPU.ActiveCfg = Release|Any CPU
		{38410A66-31E9-4B69-A3FC-2CDF5B343A90}.Release|Any CPU.Build.0 = Release|Any CPU
	EndGlobalSection
EndGlobal
